// !$*UTF8*$!
{
	archiveVersion = 1;
	classes = {
	};
	objectVersion = 46;
	objects = {

/* Begin PBXBuildFile section */
		D41ABC9C1B8AD00700C6C702 /* README.md in Sources */ = {isa = PBXBuildFile; fileRef = D41ABC9B1B8AD00700C6C702 /* README.md */; };
		D41ABCA71B8AD10500C6C702 /* chars.c in Sources */ = {isa = PBXBuildFile; fileRef = D41ABCA61B8AD10500C6C702 /* chars.c */; };
		D41ABCA91B8AD10F00C6C702 /* chars.h in Headers */ = {isa = PBXBuildFile; fileRef = D41ABCA81B8AD10F00C6C702 /* chars.h */; };
		D41ABCB11B8AD1AF00C6C702 /* main.c in Sources */ = {isa = PBXBuildFile; fileRef = D41ABCB01B8AD1AF00C6C702 /* main.c */; };
		D41ABCB71B8AD2D100C6C702 /* libchars.a in Frameworks */ = {isa = PBXBuildFile; fileRef = D41ABC931B8ACFA300C6C702 /* libchars.a */; };
/* End PBXBuildFile section */

/* Begin PBXContainerItemProxy section */
		D41ABCB51B8AD2CE00C6C702 /* PBXContainerItemProxy */ = {
			isa = PBXContainerItemProxy;
			containerPortal = D41ABC8B1B8ACFA300C6C702 /* Project object */;
			proxyType = 1;
			remoteGlobalIDString = D41ABC921B8ACFA300C6C702;
			remoteInfo = chars;
		};
/* End PBXContainerItemProxy section */

/* Begin PBXCopyFilesBuildPhase section */
		D41ABCAC1B8AD1AF00C6C702 /* CopyFiles */ = {
			isa = PBXCopyFilesBuildPhase;
			buildActionMask = 2147483647;
			dstPath = /usr/share/man/man1/;
			dstSubfolderSpec = 0;
			files = (
			);
			runOnlyForDeploymentPostprocessing = 1;
		};
/* End PBXCopyFilesBuildPhase section */

/* Begin PBXFileReference section */
		D41ABC931B8ACFA300C6C702 /* libchars.a */ = {isa = PBXFileReference; explicitFileType = archive.ar; includeInIndex = 0; path = libchars.a; sourceTree = BUILT_PRODUCTS_DIR; };
		D41ABC9A1B8AD00700C6C702 /* LICENSE */ = {isa = PBXFileReference; fileEncoding = 4; lastKnownFileType = text; path = LICENSE; sourceTree = "<group>"; };
		D41ABC9B1B8AD00700C6C702 /* README.md */ = {isa = PBXFileReference; fileEncoding = 4; lastKnownFileType = net.daringfireball.markdown; path = README.md; sourceTree = "<group>"; };
		D41ABCA61B8AD10500C6C702 /* chars.c */ = {isa = PBXFileReference; fileEncoding = 4; lastKnownFileType = sourcecode.c.c; path = chars.c; sourceTree = "<group>"; };
		D41ABCA81B8AD10F00C6C702 /* chars.h */ = {isa = PBXFileReference; fileEncoding = 4; lastKnownFileType = sourcecode.c.h; path = chars.h; sourceTree = "<group>"; };
		D41ABCAE1B8AD1AF00C6C702 /* test */ = {isa = PBXFileReference; explicitFileType = "compiled.mach-o.executable"; includeInIndex = 0; path = test; sourceTree = BUILT_PRODUCTS_DIR; };
		D41ABCB01B8AD1AF00C6C702 /* main.c */ = {isa = PBXFileReference; lastKnownFileType = sourcecode.c.c; path = main.c; sourceTree = "<group>"; };
/* End PBXFileReference section */

/* Begin PBXFrameworksBuildPhase section */
		D41ABC901B8ACFA300C6C702 /* Frameworks */ = {
			isa = PBXFrameworksBuildPhase;
			buildActionMask = 2147483647;
			files = (
			);
			runOnlyForDeploymentPostprocessing = 0;
		};
		D41ABCAB1B8AD1AF00C6C702 /* Frameworks */ = {
			isa = PBXFrameworksBuildPhase;
			buildActionMask = 2147483647;
			files = (
				D41ABCB71B8AD2D100C6C702 /* libchars.a in Frameworks */,
			);
			runOnlyForDeploymentPostprocessing = 0;
		};
/* End PBXFrameworksBuildPhase section */

/* Begin PBXGroup section */
		D41ABC8A1B8ACFA300C6C702 = {
			isa = PBXGroup;
			children = (
				D41ABC9A1B8AD00700C6C702 /* LICENSE */,
				D41ABC9B1B8AD00700C6C702 /* README.md */,
				D41ABC9D1B8AD03500C6C702 /* src */,
				D41ABCAF1B8AD1AF00C6C702 /* test */,
				D41ABC941B8ACFA300C6C702 /* Products */,
			);
			sourceTree = "<group>";
		};
		D41ABC941B8ACFA300C6C702 /* Products */ = {
			isa = PBXGroup;
			children = (
				D41ABC931B8ACFA300C6C702 /* libchars.a */,
				D41ABCAE1B8AD1AF00C6C702 /* test */,
			);
			name = Products;
			sourceTree = "<group>";
		};
		D41ABC9D1B8AD03500C6C702 /* src */ = {
			isa = PBXGroup;
			children = (
				D41ABCA81B8AD10F00C6C702 /* chars.h */,
				D41ABCA61B8AD10500C6C702 /* chars.c */,
			);
			path = src;
			sourceTree = "<group>";
		};
		D41ABCAF1B8AD1AF00C6C702 /* test */ = {
			isa = PBXGroup;
			children = (
				D41ABCB01B8AD1AF00C6C702 /* main.c */,
			);
			path = test;
			sourceTree = "<group>";
		};
/* End PBXGroup section */

/* Begin PBXHeadersBuildPhase section */
		D41ABC911B8ACFA300C6C702 /* Headers */ = {
			isa = PBXHeadersBuildPhase;
			buildActionMask = 2147483647;
			files = (
				D41ABCA91B8AD10F00C6C702 /* chars.h in Headers */,
			);
			runOnlyForDeploymentPostprocessing = 0;
		};
/* End PBXHeadersBuildPhase section */

/* Begin PBXNativeTarget section */
		D41ABC921B8ACFA300C6C702 /* chars */ = {
			isa = PBXNativeTarget;
			buildConfigurationList = D41ABC971B8ACFA300C6C702 /* Build configuration list for PBXNativeTarget "chars" */;
			buildPhases = (
				D41ABC8F1B8ACFA300C6C702 /* Sources */,
				D41ABC901B8ACFA300C6C702 /* Frameworks */,
				D41ABC911B8ACFA300C6C702 /* Headers */,
			);
			buildRules = (
			);
			dependencies = (
			);
			name = chars;
			productName = chars;
			productReference = D41ABC931B8ACFA300C6C702 /* libchars.a */;
			productType = "com.apple.product-type.library.static";
		};
		D41ABCAD1B8AD1AF00C6C702 /* test */ = {
			isa = PBXNativeTarget;
			buildConfigurationList = D41ABCB21B8AD1AF00C6C702 /* Build configuration list for PBXNativeTarget "test" */;
			buildPhases = (
				D41ABCAA1B8AD1AF00C6C702 /* Sources */,
				D41ABCAB1B8AD1AF00C6C702 /* Frameworks */,
				D41ABCAC1B8AD1AF00C6C702 /* CopyFiles */,
			);
			buildRules = (
			);
			dependencies = (
				D41ABCB61B8AD2CE00C6C702 /* PBXTargetDependency */,
			);
			name = test;
			productName = test;
			productReference = D41ABCAE1B8AD1AF00C6C702 /* test */;
			productType = "com.apple.product-type.tool";
		};
/* End PBXNativeTarget section */

/* Begin PBXProject section */
		D41ABC8B1B8ACFA300C6C702 /* Project object */ = {
			isa = PBXProject;
			attributes = {
				LastUpgradeCheck = 0640;
				ORGANIZATIONNAME = "Don McCaughey";
				TargetAttributes = {
					D41ABC921B8ACFA300C6C702 = {
						CreatedOnToolsVersion = 6.4;
					};
					D41ABCAD1B8AD1AF00C6C702 = {
						CreatedOnToolsVersion = 6.4;
					};
				};
			};
			buildConfigurationList = D41ABC8E1B8ACFA300C6C702 /* Build configuration list for PBXProject "chars" */;
			compatibilityVersion = "Xcode 3.2";
			developmentRegion = English;
			hasScannedForEncodings = 0;
			knownRegions = (
				en,
			);
			mainGroup = D41ABC8A1B8ACFA300C6C702;
			productRefGroup = D41ABC941B8ACFA300C6C702 /* Products */;
			projectDirPath = "";
			projectRoot = "";
			targets = (
				D41ABC921B8ACFA300C6C702 /* chars */,
				D41ABCAD1B8AD1AF00C6C702 /* test */,
			);
		};
/* End PBXProject section */

/* Begin PBXSourcesBuildPhase section */
		D41ABC8F1B8ACFA300C6C702 /* Sources */ = {
			isa = PBXSourcesBuildPhase;
			buildActionMask = 2147483647;
			files = (
				D41ABCA71B8AD10500C6C702 /* chars.c in Sources */,
				D41ABC9C1B8AD00700C6C702 /* README.md in Sources */,
			);
			runOnlyForDeploymentPostprocessing = 0;
		};
		D41ABCAA1B8AD1AF00C6C702 /* Sources */ = {
			isa = PBXSourcesBuildPhase;
			buildActionMask = 2147483647;
			files = (
				D41ABCB11B8AD1AF00C6C702 /* main.c in Sources */,
			);
			runOnlyForDeploymentPostprocessing = 0;
		};
/* End PBXSourcesBuildPhase section */

/* Begin PBXTargetDependency section */
		D41ABCB61B8AD2CE00C6C702 /* PBXTargetDependency */ = {
			isa = PBXTargetDependency;
			target = D41ABC921B8ACFA300C6C702 /* chars */;
			targetProxy = D41ABCB51B8AD2CE00C6C702 /* PBXContainerItemProxy */;
		};
/* End PBXTargetDependency section */

/* Begin XCBuildConfiguration section */
		D41ABC951B8ACFA300C6C702 /* Debug */ = {
			isa = XCBuildConfiguration;
			buildSettings = {
				ALWAYS_SEARCH_USER_PATHS = NO;
				CLANG_CXX_LANGUAGE_STANDARD = "c++0x";
				CLANG_CXX_LIBRARY = "libc++";
				CLANG_ENABLE_MODULES = YES;
				CLANG_ENABLE_OBJC_ARC = YES;
				CLANG_WARN_BOOL_CONVERSION = YES;
				CLANG_WARN_CONSTANT_CONVERSION = YES;
				CLANG_WARN_DIRECT_OBJC_ISA_USAGE = YES_ERROR;
				CLANG_WARN_EMPTY_BODY = YES;
				CLANG_WARN_ENUM_CONVERSION = YES;
				CLANG_WARN_INT_CONVERSION = YES;
				CLANG_WARN_OBJC_ROOT_CLASS = YES_ERROR;
				CLANG_WARN_UNREACHABLE_CODE = YES;
				CLANG_WARN__DUPLICATE_METHOD_MATCH = YES;
				COPY_PHASE_STRIP = NO;
				DEBUG_INFORMATION_FORMAT = dwarf;
				ENABLE_STRICT_OBJC_MSGSEND = YES;
				GCC_C_LANGUAGE_STANDARD = c99;
				GCC_DYNAMIC_NO_PIC = NO;
				GCC_NO_COMMON_BLOCKS = YES;
				GCC_OPTIMIZATION_LEVEL = 0;
				GCC_PREPROCESSOR_DEFINITIONS = (
					"DEBUG=1",
					"$(inherited)",
				);
				GCC_SYMBOLS_PRIVATE_EXTERN = NO;
				GCC_WARN_64_TO_32_BIT_CONVERSION = YES;
				GCC_WARN_ABOUT_RETURN_TYPE = YES_ERROR;
				GCC_WARN_UNDECLARED_SELECTOR = YES;
				GCC_WARN_UNINITIALIZED_AUTOS = YES_AGGRESSIVE;
				GCC_WARN_UNUSED_FUNCTION = YES;
				GCC_WARN_UNUSED_VARIABLE = YES;
				MACOSX_DEPLOYMENT_TARGET = 10.10;
				MTL_ENABLE_DEBUG_INFO = YES;
				ONLY_ACTIVE_ARCH = YES;
				SDKROOT = macosx;
			};
			name = Debug;
		};
		D41ABC961B8ACFA300C6C702 /* Release */ = {
			isa = XCBuildConfiguration;
			buildSettings = {
				ALWAYS_SEARCH_USER_PATHS = NO;
				CLANG_CXX_LANGUAGE_STANDARD = "c++0x";
				CLANG_CXX_LIBRARY = "libc++";
				CLANG_ENABLE_MODULES = YES;
				CLANG_ENABLE_OBJC_ARC = YES;
				CLANG_WARN_BOOL_CONVERSION = YES;
				CLANG_WARN_CONSTANT_CONVERSION = YES;
				CLANG_WARN_DIRECT_OBJC_ISA_USAGE = YES_ERROR;
				CLANG_WARN_EMPTY_BODY = YES;
				CLANG_WARN_ENUM_CONVERSION = YES;
				CLANG_WARN_INT_CONVERSION = YES;
				CLANG_WARN_OBJC_ROOT_CLASS = YES_ERROR;
				CLANG_WARN_UNREACHABLE_CODE = YES;
				CLANG_WARN__DUPLICATE_METHOD_MATCH = YES;
				COPY_PHASE_STRIP = NO;
				DEBUG_INFORMATION_FORMAT = "dwarf-with-dsym";
				ENABLE_NS_ASSERTIONS = NO;
				ENABLE_STRICT_OBJC_MSGSEND = YES;
				GCC_C_LANGUAGE_STANDARD = c99;
				GCC_NO_COMMON_BLOCKS = YES;
				GCC_WARN_64_TO_32_BIT_CONVERSION = YES;
				GCC_WARN_ABOUT_RETURN_TYPE = YES_ERROR;
				GCC_WARN_UNDECLARED_SELECTOR = YES;
				GCC_WARN_UNINITIALIZED_AUTOS = YES_AGGRESSIVE;
				GCC_WARN_UNUSED_FUNCTION = YES;
				GCC_WARN_UNUSED_VARIABLE = YES;
				MACOSX_DEPLOYMENT_TARGET = 10.10;
				MTL_ENABLE_DEBUG_INFO = NO;
				SDKROOT = macosx;
			};
			name = Release;
		};
		D41ABC981B8ACFA300C6C702 /* Debug */ = {
			isa = XCBuildConfiguration;
			buildSettings = {
				EXECUTABLE_PREFIX = lib;
				PRODUCT_NAME = "$(TARGET_NAME)";
			};
			name = Debug;
		};
		D41ABC991B8ACFA300C6C702 /* Release */ = {
			isa = XCBuildConfiguration;
			buildSettings = {
				EXECUTABLE_PREFIX = lib;
				PRODUCT_NAME = "$(TARGET_NAME)";
			};
			name = Release;
		};
		D41ABCB31B8AD1AF00C6C702 /* Debug */ = {
			isa = XCBuildConfiguration;
			buildSettings = {
				CLANG_CXX_LANGUAGE_STANDARD = "gnu++0x";
				GCC_C_LANGUAGE_STANDARD = gnu99;
				GCC_PREPROCESSOR_DEFINITIONS = (
					"DEBUG=1",
					"$(inherited)",
				);
				PRODUCT_NAME = "$(TARGET_NAME)";
			};
			name = Debug;
		};
		D41ABCB41B8AD1AF00C6C702 /* Release */ = {
			isa = XCBuildConfiguration;
			buildSettings = {
				CLANG_CXX_LANGUAGE_STANDARD = "gnu++0x";
				GCC_C_LANGUAGE_STANDARD = gnu99;
				PRODUCT_NAME = "$(TARGET_NAME)";
			};
			name = Release;
		};
/* End XCBuildConfiguration section */

/* Begin XCConfigurationList section */
		D41ABC8E1B8ACFA300C6C702 /* Build configuration list for PBXProject "chars" */ = {
			isa = XCConfigurationList;
			buildConfigurations = (
				D41ABC951B8ACFA300C6C702 /* Debug */,
				D41ABC961B8ACFA300C6C702 /* Release */,
			);
			defaultConfigurationIsVisible = 0;
			defaultConfigurationName = Release;
		};
		D41ABC971B8ACFA300C6C702 /* Build configuration list for PBXNativeTarget "chars" */ = {
			isa = XCConfigurationList;
			buildConfigurations = (
				D41ABC981B8ACFA300C6C702 /* Debug */,
				D41ABC991B8ACFA300C6C702 /* Release */,
			);
			defaultConfigurationIsVisible = 0;
		};
		D41ABCB21B8AD1AF00C6C702 /* Build configuration list for PBXNativeTarget "test" */ = {
			isa = XCConfigurationList;
			buildConfigurations = (
				D41ABCB31B8AD1AF00C6C702 /* Debug */,
				D41ABCB41B8AD1AF00C6C702 /* Release */,
			);
			defaultConfigurationIsVisible = 0;
		};
/* End XCConfigurationList section */
	};
	rootObject = D41ABC8B1B8ACFA300C6C702 /* Project object */;
}
